
Microsoft Visual Studio Solution File, Format Version 12.00
# Visual Studio Version 16
VisualStudioVersion = 16.0.30804.86
MinimumVisualStudioVersion = 10.0.40219.1
Project("{9A19103F-16F7-4668-BE54-9A1E7A4F7556}") = "BatchImport", "ConsoleApp1\BatchImport.csproj", "{F5F8288B-B903-4FAB-8884-0BBAC45FF2F8}"
EndProject
Project("{2150E333-8FDC-42A3-9474-1A3956D46DE8}") = "Solution Items", "Solution Items", "{BB773585-E09E-48E5-9544-1D2337CB718A}"
	ProjectSection(SolutionItems) = preProject
		ConsoleApp1\couses.csv = ConsoleApp1\couses.csv
		ConsoleApp1\Program.cs = ConsoleApp1\Program.cs
		Topology.png = Topology.png
	EndProjectSection
EndProject
Global
	GlobalSection(SolutionConfigurationPlatforms) = preSolution
		Debug|Any CPU = Debug|Any CPU
		Release|Any CPU = Release|Any CPU
	EndGlobalSection
	GlobalSection(ProjectConfigurationPlatforms) = postSolution
		{F5F8288B-B903-4FAB-8884-0BBAC45FF2F8}.Debug|Any CPU.ActiveCfg = Debug|Any CPU
		{F5F8288B-B903-4FAB-8884-0BBAC45FF2F8}.Debug|Any CPU.Build.0 = Debug|Any CPU
		{F5F8288B-B903-4FAB-8884-0BBAC45FF2F8}.Release|Any CPU.ActiveCfg = Release|Any CPU
		{F5F8288B-B903-4FAB-8884-0BBAC45FF2F8}.Release|Any CPU.Build.0 = Release|Any CPU
	EndGlobalSection
	GlobalSection(SolutionProperties) = preSolution
		HideSolutionNode = FALSE
	EndGlobalSection
	GlobalSection(ExtensibilityGlobals) = postSolution
		SolutionGuid = {4DB41551-6E7C-4A84-8A31-88707B9C76A0}
	EndGlobalSection
EndGlobal
